Microsoft Visual Studio Solution File, Format Version 12.00
# Visual Studio Version 17
VisualStudioVersion = 17.5.2.0
MinimumVisualStudioVersion = 10.0.40219.1
Project("{FAE04EC0-301F-11D3-BF4B-00C04F79EFBC}") = "Algosyy", "Algosyy.csproj", "{E14A163C-FBCA-EC39-DDEC-E72A5534DC42}"
EndProject
Global
	GlobalSection(SolutionConfigurationPlatforms) = preSolution
		Debug|Any CPU = Debug|Any CPU
		Release|Any CPU = Release|Any CPU
	EndGlobalSection
	GlobalSection(ProjectConfigurationPlatforms) = postSolution
		{E14A163C-FBCA-EC39-DDEC-E72A5534DC42}.Debug|Any CPU.ActiveCfg = Debug|Any CPU
		{E14A163C-FBCA-EC39-DDEC-E72A5534DC42}.Debug|Any CPU.Build.0 = Debug|Any CPU
		{E14A163C-FBCA-EC39-DDEC-E72A5534DC42}.Release|Any CPU.ActiveCfg = Release|Any CPU
		{E14A163C-FBCA-EC39-DDEC-E72A5534DC42}.Release|Any CPU.Build.0 = Release|Any CPU
	EndGlobalSection
	GlobalSection(SolutionProperties) = preSolution
		HideSolutionNode = FALSE
	EndGlobalSection
	GlobalSection(ExtensibilityGlobals) = postSolution
		SolutionGuid = {D537FCAB-1B00-4DF6-A745-5686DADC12ED}
	EndGlobalSection
EndGlobal
